
Microsoft Visual Studio Solution File, Format Version 12.00
# Visual Studio Version 17
VisualStudioVersion = 17.5.33516.290
MinimumVisualStudioVersion = 10.0.40219.1
Project("{8BC9CEB8-8B4A-11D0-8D11-00A0C91BC942}") = "Dirct2dTest", "Dirct2dTest\Dirct2dTest.vcxproj", "{AC3E2C93-48F6-4B0A-BAED-35A1E90B0D3E}"
EndProject
Project("{8BC9CEB8-8B4A-11D0-8D11-00A0C91BC942}") = "UnitTest", "UnitTest\UnitTest.vcxproj", "{E8DD46A8-E2F2-4007-A0A7-C69443BEB04D}"
EndProject
Global
	GlobalSection(SolutionConfigurationPlatforms) = preSolution
		Debug|x64 = Debug|x64
		Debug|x86 = Debug|x86
		Release|x64 = Release|x64
		Release|x86 = Release|x86
	EndGlobalSection
	GlobalSection(ProjectConfigurationPlatforms) = postSolution
		{AC3E2C93-48F6-4B0A-BAED-35A1E90B0D3E}.Debug|x64.ActiveCfg = Debug|x64
		{AC3E2C93-48F6-4B0A-BAED-35A1E90B0D3E}.Debug|x64.Build.0 = Debug|x64
		{AC3E2C93-48F6-4B0A-BAED-35A1E90B0D3E}.Debug|x86.ActiveCfg = Debug|Win32
		{AC3E2C93-48F6-4B0A-BAED-35A1E90B0D3E}.Debug|x86.Build.0 = Debug|Win32
		{AC3E2C93-48F6-4B0A-BAED-35A1E90B0D3E}.Release|x64.ActiveCfg = Release|x64
		{AC3E2C93-48F6-4B0A-BAED-35A1E90B0D3E}.Release|x64.Build.0 = Release|x64
		{AC3E2C93-48F6-4B0A-BAED-35A1E90B0D3E}.Release|x86.ActiveCfg = Release|Win32
		{AC3E2C93-48F6-4B0A-BAED-35A1E90B0D3E}.Release|x86.Build.0 = Release|Win32
		{E8DD46A8-E2F2-4007-A0A7-C69443BEB04D}.Debug|x64.ActiveCfg = Debug|x64
		{E8DD46A8-E2F2-4007-A0A7-C69443BEB04D}.Debug|x64.Build.0 = Debug|x64
		{E8DD46A8-E2F2-4007-A0A7-C69443BEB04D}.Debug|x86.ActiveCfg = Debug|Win32
		{E8DD46A8-E2F2-4007-A0A7-C69443BEB04D}.Debug|x86.Build.0 = Debug|Win32
		{E8DD46A8-E2F2-4007-A0A7-C69443BEB04D}.Release|x64.ActiveCfg = Release|x64
		{E8DD46A8-E2F2-4007-A0A7-C69443BEB04D}.Release|x64.Build.0 = Release|x64
		{E8DD46A8-E2F2-4007-A0A7-C69443BEB04D}.Release|x86.ActiveCfg = Release|Win32
		{E8DD46A8-E2F2-4007-A0A7-C69443BEB04D}.Release|x86.Build.0 = Release|Win32
	EndGlobalSection
	GlobalSection(SolutionProperties) = preSolution
		HideSolutionNode = FALSE
	EndGlobalSection
	GlobalSection(ExtensibilityGlobals) = postSolution
		SolutionGuid = {52D55594-B496-42FC-B434-7B63BB4A6E07}
	EndGlobalSection
EndGlobal
